
Microsoft Visual Studio Solution File, Format Version 12.00
# Visual Studio Version 17
VisualStudioVersion = 17.5.33502.453
MinimumVisualStudioVersion = 10.0.40219.1
Project("{FAE04EC0-301F-11D3-BF4B-00C04F79EFBC}") = "proyecto1", "proyecto1\proyecto1.csproj", "{1518DF46-8B59-46E8-B8ED-822683552289}"
EndProject
Global
	GlobalSection(SolutionConfigurationPlatforms) = preSolution
		Debug|Any CPU = Debug|Any CPU
		Release|Any CPU = Release|Any CPU
	EndGlobalSection
	GlobalSection(ProjectConfigurationPlatforms) = postSolution
		{1518DF46-8B59-46E8-B8ED-822683552289}.Debug|Any CPU.ActiveCfg = Debug|Any CPU
		{1518DF46-8B59-46E8-B8ED-822683552289}.Debug|Any CPU.Build.0 = Debug|Any CPU
		{1518DF46-8B59-46E8-B8ED-822683552289}.Release|Any CPU.ActiveCfg = Release|Any CPU
		{1518DF46-8B59-46E8-B8ED-822683552289}.Release|Any CPU.Build.0 = Release|Any CPU
	EndGlobalSection
	GlobalSection(SolutionProperties) = preSolution
		HideSolutionNode = FALSE
	EndGlobalSection
	GlobalSection(ExtensibilityGlobals) = postSolution
		SolutionGuid = {7BCF4DAC-85F7-4260-A9ED-00D710D825D1}
	EndGlobalSection
EndGlobal
